
Microsoft Visual Studio Solution File, Format Version 11.00
# Visual Studio 2010
Project("{8BC9CEB8-8B4A-11D0-8D11-00A0C91BC942}") = "GibddTrainer", "win\GibddTrainer.vcxproj", "{10482E7E-FD8F-490D-9D7F-10F940279BA6}"
EndProject
Global
	GlobalSection(SolutionConfigurationPlatforms) = preSolution
		Release|Win32 = Release|Win32
	EndGlobalSection
	GlobalSection(ProjectConfigurationPlatforms) = postSolution
		{10482E7E-FD8F-490D-9D7F-10F940279BA6}.Release|Win32.ActiveCfg = Release|Win32
		{10482E7E-FD8F-490D-9D7F-10F940279BA6}.Release|Win32.Build.0 = Release|Win32
	EndGlobalSection
	GlobalSection(SolutionProperties) = preSolution
		HideSolutionNode = FALSE
	EndGlobalSection
EndGlobal
