<?xml version="1.0" encoding="utf-8"?>
<Project ToolsVersion="4.0" xmlns="http://schemas.microsoft.com/developer/msbuild/2003">
  <ItemGroup>
    <Filter Include="Source Files">
      <UniqueIdentifier>{4FC737F1-C7A5-4376-A066-2A32D752A2FF}</UniqueIdentifier>
      <Extensions>cpp;c;cc;cxx;def;odl;idl;hpj;bat;asm;asmx</Extensions>
    </Filter>
    <Filter Include="Header Files">
      <UniqueIdentifier>{93995380-89BD-4b04-88EB-625FBE52EBFB}</UniqueIdentifier>
      <Extensions>h;hpp;hxx;hm;inl;inc;xsd</Extensions>
    </Filter>
    <Filter Include="Resource Files">
      <UniqueIdentifier>{67DA6AB6-F800-4c08-8B7A-83BB121AAD01}</UniqueIdentifier>
      <Extensions>rc;ico;cur;bmp;dlg;rc2;rct;bin;rgs;gif;jpg;jpeg;jpe;resx;tiff;tif;png;wav;mfcribbon-ms</Extensions>
    </Filter>
    <Filter Include="Header Files\setting loader">
      <UniqueIdentifier>{23dc6af2-35e1-43d4-b080-0127ace530ea}</UniqueIdentifier>
    </Filter>
    <Filter Include="Source Files\setting loader">
      <UniqueIdentifier>{12cde400-c3ea-4efd-88f8-e2633b1657a8}</UniqueIdentifier>
    </Filter>
    <Filter Include="Header Files\states">
      <UniqueIdentifier>{064fba8c-43b7-4835-a0b6-62cad121c943}</UniqueIdentifier>
    </Filter>
    <Filter Include="Source Files\states">
      <UniqueIdentifier>{4b728576-a103-46eb-ab40-cb1093618ff4}</UniqueIdentifier>
    </Filter>
    <Filter Include="Source Files\policies">
      <UniqueIdentifier>{2679c509-f0f0-4592-9001-81e152135fdc}</UniqueIdentifier>
    </Filter>
    <Filter Include="Header Files\policies">
      <UniqueIdentifier>{a0ef7885-1f1d-4248-81e2-cc1e05ca1048}</UniqueIdentifier>
    </Filter>
    <Filter Include="Header Files\database">
      <UniqueIdentifier>{ebb0f83b-e4f8-4e44-aa3c-5ee62fefdb8a}</UniqueIdentifier>
    </Filter>
    <Filter Include="Source Files\database">
      <UniqueIdentifier>{cd323726-19c4-42ca-9829-5838d7fb1b9c}</UniqueIdentifier>
    </Filter>
    <Filter Include="Header Files\debugLines">
      <UniqueIdentifier>{8eba1276-b491-40bd-b8e0-2ddfc5be7a9c}</UniqueIdentifier>
    </Filter>
    <Filter Include="Source Files\debugLines">
      <UniqueIdentifier>{07f1a0dd-bfd5-4b8a-b15c-30b8b5c67afe}</UniqueIdentifier>
    </Filter>
    <Filter Include="Header Files\vehicle">
      <UniqueIdentifier>{8f83af48-f07d-47a5-b1be-f4a662758ac9}</UniqueIdentifier>
    </Filter>
    <Filter Include="Source Files\vehicle">
      <UniqueIdentifier>{3b65e965-272f-4b8e-aa6b-9602e0bfbb0b}</UniqueIdentifier>
    </Filter>
    <Filter Include="Source Files\Pathfinding">
      <UniqueIdentifier>{0c8abe5c-04fb-4eaf-b7fd-b92e2280faa5}</UniqueIdentifier>
    </Filter>
    <Filter Include="Header Files\Pathfinding">
      <UniqueIdentifier>{585e1128-091a-4b19-b2fc-3efee7ed4022}</UniqueIdentifier>
    </Filter>
    <Filter Include="Header Files\tinyxml">
      <UniqueIdentifier>{617752bb-f639-4a71-afa6-aca626e7eed2}</UniqueIdentifier>
    </Filter>
    <Filter Include="Source Files\tinyxml">
      <UniqueIdentifier>{7eaa15e7-61f7-474d-ba2d-29e7337182f6}</UniqueIdentifier>
    </Filter>
  </ItemGroup>
  <ItemGroup>
    <ClCompile Include="..\src\Precompiled.cpp">
      <Filter>Source Files</Filter>
    </ClCompile>
    <ClCompile Include="..\src\Main.cpp">
      <Filter>Source Files</Filter>
    </ClCompile>
    <ClCompile Include="..\src\Root.cpp">
      <Filter>Source Files</Filter>
    </ClCompile>
    <ClCompile Include="..\src\MenuState.cpp">
      <Filter>Source Files\states</Filter>
    </ClCompile>
    <ClCompile Include="..\src\Policies\ObjectLifeTime.cpp">
      <Filter>Source Files\policies</Filter>
    </ClCompile>
    <ClCompile Include="..\src\SettingsLoader\VideoSettings.cpp">
      <Filter>Source Files\setting loader</Filter>
    </ClCompile>
    <ClCompile Include="..\src\SettingsLoader\SettingsLoader.cpp">
      <Filter>Source Files\setting loader</Filter>
    </ClCompile>
    <ClCompile Include="..\src\Database\DBCFileLoader.cpp">
      <Filter>Source Files\database</Filter>
    </ClCompile>
    <ClCompile Include="..\src\Database\DBCStores.cpp">
      <Filter>Source Files\database</Filter>
    </ClCompile>
    <ClCompile Include="..\src\LevelLoader.cpp">
      <Filter>Source Files</Filter>
    </ClCompile>
    <ClCompile Include="..\src\Level.cpp">
      <Filter>Source Files</Filter>
    </ClCompile>
    <ClCompile Include="..\src\PlayState.cpp">
      <Filter>Source Files\states</Filter>
    </ClCompile>
    <ClCompile Include="..\src\CameraEx.cpp">
      <Filter>Source Files</Filter>
    </ClCompile>
    <ClCompile Include="..\src\PhysicManager.cpp">
      <Filter>Source Files</Filter>
    </ClCompile>
    <ClCompile Include="..\src\DynamicLines.cpp">
      <Filter>Source Files\debugLines</Filter>
    </ClCompile>
    <ClCompile Include="..\src\DynamicRenderable.cpp">
      <Filter>Source Files\debugLines</Filter>
    </ClCompile>
    <ClCompile Include="..\src\Vehicle.cpp">
      <Filter>Source Files\vehicle</Filter>
    </ClCompile>
    <ClCompile Include="..\src\Wheel.cpp">
      <Filter>Source Files\vehicle</Filter>
    </ClCompile>
    <ClCompile Include="..\src\UserData.cpp">
      <Filter>Source Files\vehicle</Filter>
    </ClCompile>
    <ClCompile Include="..\src\SimaforeSystem.cpp">
      <Filter>Source Files</Filter>
    </ClCompile>
    <ClCompile Include="..\src\GameObject.cpp">
      <Filter>Source Files</Filter>
    </ClCompile>
    <ClCompile Include="..\src\Stream.cpp">
      <Filter>Source Files</Filter>
    </ClCompile>
    <ClCompile Include="..\src\AIManager.cpp">
      <Filter>Source Files</Filter>
    </ClCompile>
    <ClCompile Include="..\src\Bot.cpp">
      <Filter>Source Files</Filter>
    </ClCompile>
    <ClCompile Include="..\src\CharacterController.cpp">
      <Filter>Source Files</Filter>
    </ClCompile>
    <ClCompile Include="..\src\UserAllocator.cpp">
      <Filter>Source Files</Filter>
    </ClCompile>
    <ClCompile Include="..\src\DebugState.cpp">
      <Filter>Source Files\states</Filter>
    </ClCompile>
    <ClCompile Include="..\src\dotSceneParser.cpp">
      <Filter>Source Files</Filter>
    </ClCompile>
    <ClCompile Include="..\src\WPManager.cpp">
      <Filter>Source Files\Pathfinding</Filter>
    </ClCompile>
    <ClCompile Include="..\src\Graph.cpp">
      <Filter>Source Files\Pathfinding</Filter>
    </ClCompile>
    <ClCompile Include="..\src\ActionManager.cpp">
      <Filter>Source Files</Filter>
    </ClCompile>
    <ClCompile Include="..\src\EngineSolver.cpp">
      <Filter>Source Files</Filter>
    </ClCompile>
    <ClCompile Include="..\src\Player.cpp">
      <Filter>Source Files</Filter>
    </ClCompile>
    <ClCompile Include="..\src\PlayerManager.cpp">
      <Filter>Source Files</Filter>
    </ClCompile>
    <ClCompile Include="..\src\BotDriver.cpp">
      <Filter>Source Files</Filter>
    </ClCompile>
    <ClCompile Include="..\src\Ragdoll.cpp">
      <Filter>Source Files</Filter>
    </ClCompile>
    <ClCompile Include="..\src\GameplaySettings.cpp">
      <Filter>Source Files</Filter>
    </ClCompile>
    <ClCompile Include="..\src\ProfileManager.cpp">
      <Filter>Source Files</Filter>
    </ClCompile>
    <ClCompile Include="..\src\Character.cpp">
      <Filter>Source Files</Filter>
    </ClCompile>
    <ClCompile Include="..\src\Profile.cpp">
      <Filter>Source Files</Filter>
    </ClCompile>
    <ClCompile Include="..\src\tinyxml\tinyxml.cpp">
      <Filter>Source Files\tinyxml</Filter>
    </ClCompile>
    <ClCompile Include="..\src\tinyxml\tinyxmlerror.cpp">
      <Filter>Source Files\tinyxml</Filter>
    </ClCompile>
    <ClCompile Include="..\src\tinyxml\tinyxmlparser.cpp">
      <Filter>Source Files\tinyxml</Filter>
    </ClCompile>
  </ItemGroup>
  <ItemGroup>
    <ClInclude Include="..\src\Precompiled.h">
      <Filter>Header Files</Filter>
    </ClInclude>
    <ClInclude Include="..\src\Root.h">
      <Filter>Header Files</Filter>
    </ClInclude>
    <ClInclude Include="..\src\Defines.h">
      <Filter>Header Files</Filter>
    </ClInclude>
    <ClInclude Include="..\src\Classes.h">
      <Filter>Header Files</Filter>
    </ClInclude>
    <ClInclude Include="..\src\MenuState.h">
      <Filter>Header Files\states</Filter>
    </ClInclude>
    <ClInclude Include="..\src\State.h">
      <Filter>Header Files\states</Filter>
    </ClInclude>
    <ClInclude Include="..\src\Policies\SingletonImp.h">
      <Filter>Header Files\policies</Filter>
    </ClInclude>
    <ClInclude Include="..\src\Policies\CreationPolicy.h">
      <Filter>Header Files\policies</Filter>
    </ClInclude>
    <ClInclude Include="..\src\Policies\ObjectLifeTime.h">
      <Filter>Header Files\policies</Filter>
    </ClInclude>
    <ClInclude Include="..\src\Policies\Singleton.h">
      <Filter>Header Files\policies</Filter>
    </ClInclude>
    <ClInclude Include="..\src\Policies\ThreadingModel.h">
      <Filter>Header Files\policies</Filter>
    </ClInclude>
    <ClInclude Include="..\src\SettingsLoader\VideoSettings.h">
      <Filter>Header Files\setting loader</Filter>
    </ClInclude>
    <ClInclude Include="..\src\SettingsLoader\SettingsLoader.h">
      <Filter>Header Files\setting loader</Filter>
    </ClInclude>
    <ClInclude Include="..\src\SettingsLoader\Settings.h">
      <Filter>Header Files\setting loader</Filter>
    </ClInclude>
    <ClInclude Include="..\src\Database\DBCStructure.h">
      <Filter>Header Files\database</Filter>
    </ClInclude>
    <ClInclude Include="..\src\Database\DBCfmt.h">
      <Filter>Header Files\database</Filter>
    </ClInclude>
    <ClInclude Include="..\src\Database\DBCEnums.h">
      <Filter>Header Files\database</Filter>
    </ClInclude>
    <ClInclude Include="..\src\Database\DBCStores.h">
      <Filter>Header Files\database</Filter>
    </ClInclude>
    <ClInclude Include="..\src\Database\DBCFileLoader.h">
      <Filter>Header Files\database</Filter>
    </ClInclude>
    <ClInclude Include="..\src\Database\DBCStore.h">
      <Filter>Header Files\database</Filter>
    </ClInclude>
    <ClInclude Include="..\src\LevelLoader.h">
      <Filter>Header Files</Filter>
    </ClInclude>
    <ClInclude Include="..\src\Level.h">
      <Filter>Header Files</Filter>
    </ClInclude>
    <ClInclude Include="..\src\PlayState.h">
      <Filter>Header Files\states</Filter>
    </ClInclude>
    <ClInclude Include="..\src\CameraEx.h">
      <Filter>Header Files</Filter>
    </ClInclude>
    <ClInclude Include="..\src\GameObject.h">
      <Filter>Header Files</Filter>
    </ClInclude>
    <ClInclude Include="..\src\PhysicManager.h">
      <Filter>Header Files</Filter>
    </ClInclude>
    <ClInclude Include="..\src\DynamicLines.h">
      <Filter>Header Files\debugLines</Filter>
    </ClInclude>
    <ClInclude Include="..\src\DynamicRenderable.h">
      <Filter>Header Files\debugLines</Filter>
    </ClInclude>
    <ClInclude Include="..\src\GearDesc.h">
      <Filter>Header Files\vehicle</Filter>
    </ClInclude>
    <ClInclude Include="..\src\Motor.h">
      <Filter>Header Files\vehicle</Filter>
    </ClInclude>
    <ClInclude Include="..\src\MotorDesc.h">
      <Filter>Header Files\vehicle</Filter>
    </ClInclude>
    <ClInclude Include="..\src\NxLinearInterpolationValues.h">
      <Filter>Header Files\vehicle</Filter>
    </ClInclude>
    <ClInclude Include="..\src\NxWheelDesc.h">
      <Filter>Header Files\vehicle</Filter>
    </ClInclude>
    <ClInclude Include="..\src\Vehicle.h">
      <Filter>Header Files\vehicle</Filter>
    </ClInclude>
    <ClInclude Include="..\src\VehicleDesc.h">
      <Filter>Header Files\vehicle</Filter>
    </ClInclude>
    <ClInclude Include="..\src\Wheel.h">
      <Filter>Header Files\vehicle</Filter>
    </ClInclude>
    <ClInclude Include="..\src\Gear.h">
      <Filter>Header Files\vehicle</Filter>
    </ClInclude>
    <ClInclude Include="..\src\UserData.h">
      <Filter>Header Files\vehicle</Filter>
    </ClInclude>
    <ClInclude Include="..\src\SimaforeSystem.h">
      <Filter>Header Files</Filter>
    </ClInclude>
    <ClInclude Include="..\src\Stream.h">
      <Filter>Header Files</Filter>
    </ClInclude>
    <ClInclude Include="..\src\AIManager.h">
      <Filter>Header Files</Filter>
    </ClInclude>
    <ClInclude Include="..\src\Bot.h">
      <Filter>Header Files</Filter>
    </ClInclude>
    <ClInclude Include="..\src\CharacterController.h">
      <Filter>Header Files</Filter>
    </ClInclude>
    <ClInclude Include="..\src\UserAllocator.h">
      <Filter>Header Files</Filter>
    </ClInclude>
    <ClInclude Include="..\src\Util.h">
      <Filter>Header Files</Filter>
    </ClInclude>
    <ClInclude Include="..\src\DebugState.h">
      <Filter>Header Files\states</Filter>
    </ClInclude>
    <ClInclude Include="..\src\dotSceneParser.h">
      <Filter>Header Files</Filter>
    </ClInclude>
    <ClInclude Include="..\src\WPManager.h">
      <Filter>Header Files\Pathfinding</Filter>
    </ClInclude>
    <ClInclude Include="..\src\Graph.h">
      <Filter>Header Files\Pathfinding</Filter>
    </ClInclude>
    <ClInclude Include="..\src\ActionManager.h">
      <Filter>Header Files</Filter>
    </ClInclude>
    <ClInclude Include="..\src\configAnims.h">
      <Filter>Header Files</Filter>
    </ClInclude>
    <ClInclude Include="..\src\EngineSolver.h">
      <Filter>Header Files</Filter>
    </ClInclude>
    <ClInclude Include="..\src\Player.h">
      <Filter>Header Files</Filter>
    </ClInclude>
    <ClInclude Include="..\src\PlayerManager.h">
      <Filter>Header Files</Filter>
    </ClInclude>
    <ClInclude Include="..\src\BotDriver.h">
      <Filter>Header Files</Filter>
    </ClInclude>
    <ClInclude Include="..\src\Ragdoll.h">
      <Filter>Header Files</Filter>
    </ClInclude>
    <ClInclude Include="..\src\GameplaySettings.h">
      <Filter>Header Files</Filter>
    </ClInclude>
    <ClInclude Include="..\src\ProfileManager.h">
      <Filter>Header Files</Filter>
    </ClInclude>
    <ClInclude Include="..\src\Character.h">
      <Filter>Header Files</Filter>
    </ClInclude>
    <ClInclude Include="..\src\Profile.h">
      <Filter>Header Files</Filter>
    </ClInclude>
    <ClInclude Include="..\src\tinyxml\tinyxml.h">
      <Filter>Header Files\tinyxml</Filter>
    </ClInclude>
  </ItemGroup>
</Project>